
Microsoft Visual Studio Solution File, Format Version 12.00
# Visual Studio Version 17
VisualStudioVersion = 17.13.35931.197
MinimumVisualStudioVersion = 10.0.40219.1
Project("{2150E333-8FDC-42A3-9474-1A3956D46DE8}") = "Source", "Source", "{02EA681E-C7D8-13C7-8484-4AC65E1B71E8}"
EndProject
Project("{2150E333-8FDC-42A3-9474-1A3956D46DE8}") = "Test", "Test", "{B87B4257-11E9-4689-8FF9-D0DC58ACABE5}"
EndProject
Project("{2150E333-8FDC-42A3-9474-1A3956D46DE8}") = "Api", "Api", "{AE4009CC-6D5E-40A6-BACD-B95533BEB38A}"
EndProject
Project("{2150E333-8FDC-42A3-9474-1A3956D46DE8}") = "Core", "Core", "{413CB630-D3D4-4D80-8A61-1820B7F891C8}"
EndProject
Project("{2150E333-8FDC-42A3-9474-1A3956D46DE8}") = "Infrastructure", "Infrastructure", "{082B01F4-FDFF-45BA-97A0-B1C516D92A64}"
EndProject
Project("{FAE04EC0-301F-11D3-BF4B-00C04F79EFBC}") = "PeopleDeskHrm.Api", "PeopleDeskHrm.Api\PeopleDeskHrm.Api.csproj", "{16EE22DD-1680-A40E-0E26-7551C7D6028E}"
EndProject
Project("{FAE04EC0-301F-11D3-BF4B-00C04F79EFBC}") = "PeopleDeskHrm.Application", "PeopleDeskHrm.Application\PeopleDeskHrm.Application.csproj", "{5A8734CD-6142-9641-A501-04475F5EDB15}"
EndProject
Project("{FAE04EC0-301F-11D3-BF4B-00C04F79EFBC}") = "PeopleDeskHrm.Domain", "PeopleDeskHrm.Domain\PeopleDeskHrm.Domain.csproj", "{B6B9FB92-E499-9465-2C23-26EBA1D5FB60}"
EndProject
Project("{FAE04EC0-301F-11D3-BF4B-00C04F79EFBC}") = "PeopleDeskHrm.Identity", "PeopleDeskHrm.Identity\PeopleDeskHrm.Identity.csproj", "{AA85414B-E8A8-412D-F586-3E560A755380}"
EndProject
Project("{FAE04EC0-301F-11D3-BF4B-00C04F79EFBC}") = "PeopleDeskHrm.Infrastructure", "PeopleDeskHrm.Infrastructure\PeopleDeskHrm.Infrastructure.csproj", "{3809FF72-1506-4C8D-5638-954F534D83CD}"
EndProject
Project("{FAE04EC0-301F-11D3-BF4B-00C04F79EFBC}") = "PeopleDeskHrm.Persistence", "PeopleDeskHrm.Persistence\PeopleDeskHrm.Persistence.csproj", "{7B8AC67E-C6D2-23D7-419C-066C5D4AF3A7}"
EndProject
Project("{FAE04EC0-301F-11D3-BF4B-00C04F79EFBC}") = "PeopleDeskHrm.IntegrationTest", "PeopleDeskHrm.IntegrationTest\PeopleDeskHrm.IntegrationTest.csproj", "{3E2190AC-D245-EF82-F0ED-58AFD4C02019}"
EndProject
Project("{FAE04EC0-301F-11D3-BF4B-00C04F79EFBC}") = "PeopleDeskHrm.UnitTest", "PeopleDeskHrm.UnitTest\PeopleDeskHrm.UnitTest.csproj", "{B7227407-1D9E-907A-92DB-CF33E3F89BF2}"
EndProject
Global
	GlobalSection(SolutionConfigurationPlatforms) = preSolution
		Debug|Any CPU = Debug|Any CPU
		Release|Any CPU = Release|Any CPU
	EndGlobalSection
	GlobalSection(ProjectConfigurationPlatforms) = postSolution
		{16EE22DD-1680-A40E-0E26-7551C7D6028E}.Debug|Any CPU.ActiveCfg = Debug|Any CPU
		{16EE22DD-1680-A40E-0E26-7551C7D6028E}.Debug|Any CPU.Build.0 = Debug|Any CPU
		{16EE22DD-1680-A40E-0E26-7551C7D6028E}.Release|Any CPU.ActiveCfg = Release|Any CPU
		{16EE22DD-1680-A40E-0E26-7551C7D6028E}.Release|Any CPU.Build.0 = Release|Any CPU
		{5A8734CD-6142-9641-A501-04475F5EDB15}.Debug|Any CPU.ActiveCfg = Debug|Any CPU
		{5A8734CD-6142-9641-A501-04475F5EDB15}.Debug|Any CPU.Build.0 = Debug|Any CPU
		{5A8734CD-6142-9641-A501-04475F5EDB15}.Release|Any CPU.ActiveCfg = Release|Any CPU
		{5A8734CD-6142-9641-A501-04475F5EDB15}.Release|Any CPU.Build.0 = Release|Any CPU
		{B6B9FB92-E499-9465-2C23-26EBA1D5FB60}.Debug|Any CPU.ActiveCfg = Debug|Any CPU
		{B6B9FB92-E499-9465-2C23-26EBA1D5FB60}.Debug|Any CPU.Build.0 = Debug|Any CPU
		{B6B9FB92-E499-9465-2C23-26EBA1D5FB60}.Release|Any CPU.ActiveCfg = Release|Any CPU
		{B6B9FB92-E499-9465-2C23-26EBA1D5FB60}.Release|Any CPU.Build.0 = Release|Any CPU
		{AA85414B-E8A8-412D-F586-3E560A755380}.Debug|Any CPU.ActiveCfg = Debug|Any CPU
		{AA85414B-E8A8-412D-F586-3E560A755380}.Debug|Any CPU.Build.0 = Debug|Any CPU
		{AA85414B-E8A8-412D-F586-3E560A755380}.Release|Any CPU.ActiveCfg = Release|Any CPU
		{AA85414B-E8A8-412D-F586-3E560A755380}.Release|Any CPU.Build.0 = Release|Any CPU
		{3809FF72-1506-4C8D-5638-954F534D83CD}.Debug|Any CPU.ActiveCfg = Debug|Any CPU
		{3809FF72-1506-4C8D-5638-954F534D83CD}.Debug|Any CPU.Build.0 = Debug|Any CPU
		{3809FF72-1506-4C8D-5638-954F534D83CD}.Release|Any CPU.ActiveCfg = Release|Any CPU
		{3809FF72-1506-4C8D-5638-954F534D83CD}.Release|Any CPU.Build.0 = Release|Any CPU
		{7B8AC67E-C6D2-23D7-419C-066C5D4AF3A7}.Debug|Any CPU.ActiveCfg = Debug|Any CPU
		{7B8AC67E-C6D2-23D7-419C-066C5D4AF3A7}.Debug|Any CPU.Build.0 = Debug|Any CPU
		{7B8AC67E-C6D2-23D7-419C-066C5D4AF3A7}.Release|Any CPU.ActiveCfg = Release|Any CPU
		{7B8AC67E-C6D2-23D7-419C-066C5D4AF3A7}.Release|Any CPU.Build.0 = Release|Any CPU
		{3E2190AC-D245-EF82-F0ED-58AFD4C02019}.Debug|Any CPU.ActiveCfg = Debug|Any CPU
		{3E2190AC-D245-EF82-F0ED-58AFD4C02019}.Debug|Any CPU.Build.0 = Debug|Any CPU
		{3E2190AC-D245-EF82-F0ED-58AFD4C02019}.Release|Any CPU.ActiveCfg = Release|Any CPU
		{3E2190AC-D245-EF82-F0ED-58AFD4C02019}.Release|Any CPU.Build.0 = Release|Any CPU
		{B7227407-1D9E-907A-92DB-CF33E3F89BF2}.Debug|Any CPU.ActiveCfg = Debug|Any CPU
		{B7227407-1D9E-907A-92DB-CF33E3F89BF2}.Debug|Any CPU.Build.0 = Debug|Any CPU
		{B7227407-1D9E-907A-92DB-CF33E3F89BF2}.Release|Any CPU.ActiveCfg = Release|Any CPU
		{B7227407-1D9E-907A-92DB-CF33E3F89BF2}.Release|Any CPU.Build.0 = Release|Any CPU
	EndGlobalSection
	GlobalSection(SolutionProperties) = preSolution
		HideSolutionNode = FALSE
	EndGlobalSection
	GlobalSection(NestedProjects) = preSolution
		{AE4009CC-6D5E-40A6-BACD-B95533BEB38A} = {02EA681E-C7D8-13C7-8484-4AC65E1B71E8}
		{413CB630-D3D4-4D80-8A61-1820B7F891C8} = {02EA681E-C7D8-13C7-8484-4AC65E1B71E8}
		{082B01F4-FDFF-45BA-97A0-B1C516D92A64} = {02EA681E-C7D8-13C7-8484-4AC65E1B71E8}
		{16EE22DD-1680-A40E-0E26-7551C7D6028E} = {AE4009CC-6D5E-40A6-BACD-B95533BEB38A}
		{5A8734CD-6142-9641-A501-04475F5EDB15} = {413CB630-D3D4-4D80-8A61-1820B7F891C8}
		{B6B9FB92-E499-9465-2C23-26EBA1D5FB60} = {413CB630-D3D4-4D80-8A61-1820B7F891C8}
		{AA85414B-E8A8-412D-F586-3E560A755380} = {082B01F4-FDFF-45BA-97A0-B1C516D92A64}
		{3809FF72-1506-4C8D-5638-954F534D83CD} = {082B01F4-FDFF-45BA-97A0-B1C516D92A64}
		{7B8AC67E-C6D2-23D7-419C-066C5D4AF3A7} = {082B01F4-FDFF-45BA-97A0-B1C516D92A64}
		{3E2190AC-D245-EF82-F0ED-58AFD4C02019} = {B87B4257-11E9-4689-8FF9-D0DC58ACABE5}
		{B7227407-1D9E-907A-92DB-CF33E3F89BF2} = {B87B4257-11E9-4689-8FF9-D0DC58ACABE5}
	EndGlobalSection
	GlobalSection(ExtensibilityGlobals) = postSolution
		SolutionGuid = {1071D289-65C3-4F55-9DE8-2C58F17DDF2F}
	EndGlobalSection
EndGlobal
